// !$*UTF8*$!
{
	archiveVersion = 1;
	classes = {
	};
	objectVersion = 52;
	objects = {

/* Begin PBXBuildFile section */
		270355B0293AB6B5005531EB /* Alamofire in Frameworks */ = {isa = PBXBuildFile; productRef = 270355AF293AB6B5005531EB /* Alamofire */; };
		271AC6FD29355BE90014D1A4 /* GameResultsView.swift in Sources */ = {isa = PBXBuildFile; fileRef = 271AC6FC29355BE90014D1A4 /* GameResultsView.swift */; };
		27222F87291C8F5500D578A2 /* SinglePlayerView2.swift in Sources */ = {isa = PBXBuildFile; fileRef = 27222F86291C8F5500D578A2 /* SinglePlayerView2.swift */; };
		27222F8C291D914200D578A2 /* HandView.swift in Sources */ = {isa = PBXBuildFile; fileRef = 27222F8B291D914200D578A2 /* HandView.swift */; };
		2736162328FB9DFE002C4941 /* Card.swift in Sources */ = {isa = PBXBuildFile; fileRef = 2736162228FB9DFE002C4941 /* Card.swift */; };
		2736163628FBA1A9002C4941 /* Test.swift in Sources */ = {isa = PBXBuildFile; fileRef = 2736163528FBA1A9002C4941 /* Test.swift */; };
		2736163B28FBA1ED002C4941 /* Game.swift in Sources */ = {isa = PBXBuildFile; fileRef = 2736163A28FBA1ED002C4941 /* Game.swift */; };
		27570D40297F1D9200BB81F1 /* LogInView.swift in Sources */ = {isa = PBXBuildFile; fileRef = 27570D3F297F1D9200BB81F1 /* LogInView.swift */; };
		275CCC6A28FBA3260045B5C4 /* PreGameView.swift in Sources */ = {isa = PBXBuildFile; fileRef = 275CCC6928FBA3260045B5C4 /* PreGameView.swift */; };
		275CCC7528FCA2420045B5C4 /* StoreView.swift in Sources */ = {isa = PBXBuildFile; fileRef = 275CCC7428FCA2420045B5C4 /* StoreView.swift */; };
		2778451D29037974007B51ED /* CardSelect.swift in Sources */ = {isa = PBXBuildFile; fileRef = 2778451C29037974007B51ED /* CardSelect.swift */; };
		2778452229037BA1007B51ED /* CardSelectCard.swift in Sources */ = {isa = PBXBuildFile; fileRef = 2778452129037BA1007B51ED /* CardSelectCard.swift */; };
		2780DECA28F36F29007A6A22 /* MainMenuView.swift in Sources */ = {isa = PBXBuildFile; fileRef = 2780DEC928F36F29007A6A22 /* MainMenuView.swift */; };
		2780DECF28F3DC38007A6A22 /* OptionView.swift in Sources */ = {isa = PBXBuildFile; fileRef = 2780DECE28F3DC38007A6A22 /* OptionView.swift */; };
		2792A1FF298775490054A5C5 /* LeaderBoardView.swift in Sources */ = {isa = PBXBuildFile; fileRef = 2792A1FE298775490054A5C5 /* LeaderBoardView.swift */; };
		279690DA29050A6C00267B46 /* User.swift in Sources */ = {isa = PBXBuildFile; fileRef = 279690D929050A6C00267B46 /* User.swift */; };
		27A0ED942984B68800496404 /* SignUpView.swift in Sources */ = {isa = PBXBuildFile; fileRef = 27A0ED932984B68800496404 /* SignUpView.swift */; };
		27BCD6452999C937000A9620 /* SwiftyJSON in Frameworks */ = {isa = PBXBuildFile; productRef = 27BCD6442999C937000A9620 /* SwiftyJSON */; };
		27CC3CA528EF97CB00C756D4 /* CardGameApp.swift in Sources */ = {isa = PBXBuildFile; fileRef = 27CC3CA428EF97CB00C756D4 /* CardGameApp.swift */; };
		27CC3CA928EF97D100C756D4 /* Assets.xcassets in Resources */ = {isa = PBXBuildFile; fileRef = 27CC3CA828EF97D100C756D4 /* Assets.xcassets */; };
		27CC3CAC28EF97D100C756D4 /* Preview Assets.xcassets in Resources */ = {isa = PBXBuildFile; fileRef = 27CC3CAB28EF97D100C756D4 /* Preview Assets.xcassets */; };
		27CC3CB728EF97D100C756D4 /* CardGameTests.swift in Sources */ = {isa = PBXBuildFile; fileRef = 27CC3CB628EF97D100C756D4 /* CardGameTests.swift */; };
		27CC3CC228EF97D100C756D4 /* CardGameUITests.swift in Sources */ = {isa = PBXBuildFile; fileRef = 27CC3CC128EF97D100C756D4 /* CardGameUITests.swift */; };
		27FC9ADB29ABDFC500D73F23 /* Stripe in Frameworks */ = {isa = PBXBuildFile; productRef = 27FC9ADA29ABDFC500D73F23 /* Stripe */; };
		27FC9ADD29ABDFC500D73F23 /* StripeApplePay in Frameworks */ = {isa = PBXBuildFile; productRef = 27FC9ADC29ABDFC500D73F23 /* StripeApplePay */; };
		27FC9ADF29ABDFC500D73F23 /* StripeCardScan in Frameworks */ = {isa = PBXBuildFile; productRef = 27FC9ADE29ABDFC500D73F23 /* StripeCardScan */; };
		27FC9AE129ABDFC500D73F23 /* StripeFinancialConnections in Frameworks */ = {isa = PBXBuildFile; productRef = 27FC9AE029ABDFC500D73F23 /* StripeFinancialConnections */; };
		27FC9AE329ABDFC500D73F23 /* StripeIdentity in Frameworks */ = {isa = PBXBuildFile; productRef = 27FC9AE229ABDFC500D73F23 /* StripeIdentity */; };
		27FC9AE529ABDFC500D73F23 /* StripePaymentSheet in Frameworks */ = {isa = PBXBuildFile; productRef = 27FC9AE429ABDFC500D73F23 /* StripePaymentSheet */; };
		27FC9AE729ABDFC500D73F23 /* StripePayments in Frameworks */ = {isa = PBXBuildFile; productRef = 27FC9AE629ABDFC500D73F23 /* StripePayments */; };
		27FC9AE929ABDFC500D73F23 /* StripePaymentsUI in Frameworks */ = {isa = PBXBuildFile; productRef = 27FC9AE829ABDFC500D73F23 /* StripePaymentsUI */; };
/* End PBXBuildFile section */

/* Begin PBXContainerItemProxy section */
		27CC3CB328EF97D100C756D4 /* PBXContainerItemProxy */ = {
			isa = PBXContainerItemProxy;
			containerPortal = 27CC3C9928EF97CB00C756D4 /* Project object */;
			proxyType = 1;
			remoteGlobalIDString = 27CC3CA028EF97CB00C756D4;
			remoteInfo = CardGame;
		};
		27CC3CBE28EF97D100C756D4 /* PBXContainerItemProxy */ = {
			isa = PBXContainerItemProxy;
			containerPortal = 27CC3C9928EF97CB00C756D4 /* Project object */;
			proxyType = 1;
			remoteGlobalIDString = 27CC3CA028EF97CB00C756D4;
			remoteInfo = CardGame;
		};
/* End PBXContainerItemProxy section */

/* Begin PBXFileReference section */
		271AC6FC29355BE90014D1A4 /* GameResultsView.swift */ = {isa = PBXFileReference; lastKnownFileType = sourcecode.swift; path = GameResultsView.swift; sourceTree = "<group>"; };
		27222F86291C8F5500D578A2 /* SinglePlayerView2.swift */ = {isa = PBXFileReference; lastKnownFileType = sourcecode.swift; path = SinglePlayerView2.swift; sourceTree = "<group>"; };
		27222F8B291D914200D578A2 /* HandView.swift */ = {isa = PBXFileReference; lastKnownFileType = sourcecode.swift; path = HandView.swift; sourceTree = "<group>"; };
		2736162228FB9DFE002C4941 /* Card.swift */ = {isa = PBXFileReference; lastKnownFileType = sourcecode.swift; path = Card.swift; sourceTree = "<group>"; };
		2736163528FBA1A9002C4941 /* Test.swift */ = {isa = PBXFileReference; lastKnownFileType = sourcecode.swift; path = Test.swift; sourceTree = "<group>"; };
		2736163A28FBA1ED002C4941 /* Game.swift */ = {isa = PBXFileReference; lastKnownFileType = sourcecode.swift; path = Game.swift; sourceTree = "<group>"; };
		27570D3F297F1D9200BB81F1 /* LogInView.swift */ = {isa = PBXFileReference; lastKnownFileType = sourcecode.swift; path = LogInView.swift; sourceTree = "<group>"; };
		275CCC6928FBA3260045B5C4 /* PreGameView.swift */ = {isa = PBXFileReference; lastKnownFileType = sourcecode.swift; name = PreGameView.swift; path = ../PreGameView.swift; sourceTree = "<group>"; };
		275CCC7428FCA2420045B5C4 /* StoreView.swift */ = {isa = PBXFileReference; lastKnownFileType = sourcecode.swift; path = StoreView.swift; sourceTree = "<group>"; };
		2778451C29037974007B51ED /* CardSelect.swift */ = {isa = PBXFileReference; lastKnownFileType = sourcecode.swift; path = CardSelect.swift; sourceTree = "<group>"; };
		2778452129037BA1007B51ED /* CardSelectCard.swift */ = {isa = PBXFileReference; lastKnownFileType = sourcecode.swift; path = CardSelectCard.swift; sourceTree = "<group>"; };
		2780DEC928F36F29007A6A22 /* MainMenuView.swift */ = {isa = PBXFileReference; lastKnownFileType = sourcecode.swift; path = MainMenuView.swift; sourceTree = "<group>"; };
		2780DECE28F3DC38007A6A22 /* OptionView.swift */ = {isa = PBXFileReference; lastKnownFileType = sourcecode.swift; path = OptionView.swift; sourceTree = "<group>"; };
		2792A1FE298775490054A5C5 /* LeaderBoardView.swift */ = {isa = PBXFileReference; lastKnownFileType = sourcecode.swift; path = LeaderBoardView.swift; sourceTree = "<group>"; };
		279690D929050A6C00267B46 /* User.swift */ = {isa = PBXFileReference; lastKnownFileType = sourcecode.swift; path = User.swift; sourceTree = "<group>"; };
		27A0ED932984B68800496404 /* SignUpView.swift */ = {isa = PBXFileReference; lastKnownFileType = sourcecode.swift; path = SignUpView.swift; sourceTree = "<group>"; };
		27CC3CA128EF97CB00C756D4 /* CardGame.app */ = {isa = PBXFileReference; explicitFileType = wrapper.application; includeInIndex = 0; path = CardGame.app; sourceTree = BUILT_PRODUCTS_DIR; };
		27CC3CA428EF97CB00C756D4 /* CardGameApp.swift */ = {isa = PBXFileReference; lastKnownFileType = sourcecode.swift; path = CardGameApp.swift; sourceTree = "<group>"; };
		27CC3CA828EF97D100C756D4 /* Assets.xcassets */ = {isa = PBXFileReference; lastKnownFileType = folder.assetcatalog; path = Assets.xcassets; sourceTree = "<group>"; };
		27CC3CAB28EF97D100C756D4 /* Preview Assets.xcassets */ = {isa = PBXFileReference; lastKnownFileType = folder.assetcatalog; path = "Preview Assets.xcassets"; sourceTree = "<group>"; };
		27CC3CAD28EF97D100C756D4 /* Info.plist */ = {isa = PBXFileReference; lastKnownFileType = text.plist.xml; path = Info.plist; sourceTree = "<group>"; };
		27CC3CB228EF97D100C756D4 /* CardGameTests.xctest */ = {isa = PBXFileReference; explicitFileType = wrapper.cfbundle; includeInIndex = 0; path = CardGameTests.xctest; sourceTree = BUILT_PRODUCTS_DIR; };
		27CC3CB628EF97D100C756D4 /* CardGameTests.swift */ = {isa = PBXFileReference; lastKnownFileType = sourcecode.swift; path = CardGameTests.swift; sourceTree = "<group>"; };
		27CC3CB828EF97D100C756D4 /* Info.plist */ = {isa = PBXFileReference; lastKnownFileType = text.plist.xml; path = Info.plist; sourceTree = "<group>"; };
		27CC3CBD28EF97D100C756D4 /* CardGameUITests.xctest */ = {isa = PBXFileReference; explicitFileType = wrapper.cfbundle; includeInIndex = 0; path = CardGameUITests.xctest; sourceTree = BUILT_PRODUCTS_DIR; };
		27CC3CC128EF97D100C756D4 /* CardGameUITests.swift */ = {isa = PBXFileReference; lastKnownFileType = sourcecode.swift; path = CardGameUITests.swift; sourceTree = "<group>"; };
		27CC3CC328EF97D100C756D4 /* Info.plist */ = {isa = PBXFileReference; lastKnownFileType = text.plist.xml; path = Info.plist; sourceTree = "<group>"; };
/* End PBXFileReference section */

/* Begin PBXFrameworksBuildPhase section */
		27CC3C9E28EF97CB00C756D4 /* Frameworks */ = {
			isa = PBXFrameworksBuildPhase;
			buildActionMask = 2147483647;
			files = (
				27FC9AE729ABDFC500D73F23 /* StripePayments in Frameworks */,
				27FC9AE529ABDFC500D73F23 /* StripePaymentSheet in Frameworks */,
				27BCD6452999C937000A9620 /* SwiftyJSON in Frameworks */,
				27FC9AE129ABDFC500D73F23 /* StripeFinancialConnections in Frameworks */,
				27FC9ADD29ABDFC500D73F23 /* StripeApplePay in Frameworks */,
				27FC9AE329ABDFC500D73F23 /* StripeIdentity in Frameworks */,
				270355B0293AB6B5005531EB /* Alamofire in Frameworks */,
				27FC9ADF29ABDFC500D73F23 /* StripeCardScan in Frameworks */,
				27FC9AE929ABDFC500D73F23 /* StripePaymentsUI in Frameworks */,
				27FC9ADB29ABDFC500D73F23 /* Stripe in Frameworks */,
			);
			runOnlyForDeploymentPostprocessing = 0;
		};
		27CC3CAF28EF97D100C756D4 /* Frameworks */ = {
			isa = PBXFrameworksBuildPhase;
			buildActionMask = 2147483647;
			files = (
			);
			runOnlyForDeploymentPostprocessing = 0;
		};
		27CC3CBA28EF97D100C756D4 /* Frameworks */ = {
			isa = PBXFrameworksBuildPhase;
			buildActionMask = 2147483647;
			files = (
			);
			runOnlyForDeploymentPostprocessing = 0;
		};
/* End PBXFrameworksBuildPhase section */

/* Begin PBXGroup section */
		27CC3C9828EF97CB00C756D4 = {
			isa = PBXGroup;
			children = (
				27CC3CA328EF97CB00C756D4 /* CardGame */,
				27CC3CB528EF97D100C756D4 /* CardGameTests */,
				27CC3CC028EF97D100C756D4 /* CardGameUITests */,
				27CC3CA228EF97CB00C756D4 /* Products */,
			);
			sourceTree = "<group>";
		};
		27CC3CA228EF97CB00C756D4 /* Products */ = {
			isa = PBXGroup;
			children = (
				27CC3CA128EF97CB00C756D4 /* CardGame.app */,
				27CC3CB228EF97D100C756D4 /* CardGameTests.xctest */,
				27CC3CBD28EF97D100C756D4 /* CardGameUITests.xctest */,
			);
			name = Products;
			sourceTree = "<group>";
		};
		27CC3CA328EF97CB00C756D4 /* CardGame */ = {
			isa = PBXGroup;
			children = (
				275CCC6928FBA3260045B5C4 /* PreGameView.swift */,
				279690D929050A6C00267B46 /* User.swift */,
				27222F86291C8F5500D578A2 /* SinglePlayerView2.swift */,
				271AC6FC29355BE90014D1A4 /* GameResultsView.swift */,
				2778451C29037974007B51ED /* CardSelect.swift */,
				27222F8B291D914200D578A2 /* HandView.swift */,
				2778452129037BA1007B51ED /* CardSelectCard.swift */,
				27CC3CA428EF97CB00C756D4 /* CardGameApp.swift */,
				2780DEC928F36F29007A6A22 /* MainMenuView.swift */,
				2792A1FE298775490054A5C5 /* LeaderBoardView.swift */,
				27570D3F297F1D9200BB81F1 /* LogInView.swift */,
				27A0ED932984B68800496404 /* SignUpView.swift */,
				275CCC7428FCA2420045B5C4 /* StoreView.swift */,
				2780DECE28F3DC38007A6A22 /* OptionView.swift */,
				27CC3CA828EF97D100C756D4 /* Assets.xcassets */,
				27CC3CAD28EF97D100C756D4 /* Info.plist */,
				27CC3CAA28EF97D100C756D4 /* Preview Content */,
				2736162228FB9DFE002C4941 /* Card.swift */,
				2736163528FBA1A9002C4941 /* Test.swift */,
				2736163A28FBA1ED002C4941 /* Game.swift */,
			);
			path = CardGame;
			sourceTree = "<group>";
		};
		27CC3CAA28EF97D100C756D4 /* Preview Content */ = {
			isa = PBXGroup;
			children = (
				27CC3CAB28EF97D100C756D4 /* Preview Assets.xcassets */,
			);
			path = "Preview Content";
			sourceTree = "<group>";
		};
		27CC3CB528EF97D100C756D4 /* CardGameTests */ = {
			isa = PBXGroup;
			children = (
				27CC3CB628EF97D100C756D4 /* CardGameTests.swift */,
				27CC3CB828EF97D100C756D4 /* Info.plist */,
			);
			path = CardGameTests;
			sourceTree = "<group>";
		};
		27CC3CC028EF97D100C756D4 /* CardGameUITests */ = {
			isa = PBXGroup;
			children = (
				27CC3CC128EF97D100C756D4 /* CardGameUITests.swift */,
				27CC3CC328EF97D100C756D4 /* Info.plist */,
			);
			path = CardGameUITests;
			sourceTree = "<group>";
		};
/* End PBXGroup section */

/* Begin PBXNativeTarget section */
		27CC3CA028EF97CB00C756D4 /* CardGame */ = {
			isa = PBXNativeTarget;
			buildConfigurationList = 27CC3CC628EF97D100C756D4 /* Build configuration list for PBXNativeTarget "CardGame" */;
			buildPhases = (
				27CC3C9D28EF97CB00C756D4 /* Sources */,
				27CC3C9E28EF97CB00C756D4 /* Frameworks */,
				27CC3C9F28EF97CB00C756D4 /* Resources */,
			);
			buildRules = (
			);
			dependencies = (
			);
			name = CardGame;
			packageProductDependencies = (
				270355AF293AB6B5005531EB /* Alamofire */,
				27BCD6442999C937000A9620 /* SwiftyJSON */,
				27FC9ADA29ABDFC500D73F23 /* Stripe */,
				27FC9ADC29ABDFC500D73F23 /* StripeApplePay */,
				27FC9ADE29ABDFC500D73F23 /* StripeCardScan */,
				27FC9AE029ABDFC500D73F23 /* StripeFinancialConnections */,
				27FC9AE229ABDFC500D73F23 /* StripeIdentity */,
				27FC9AE429ABDFC500D73F23 /* StripePaymentSheet */,
				27FC9AE629ABDFC500D73F23 /* StripePayments */,
				27FC9AE829ABDFC500D73F23 /* StripePaymentsUI */,
			);
			productName = CardGame;
			productReference = 27CC3CA128EF97CB00C756D4 /* CardGame.app */;
			productType = "com.apple.product-type.application";
		};
		27CC3CB128EF97D100C756D4 /* CardGameTests */ = {
			isa = PBXNativeTarget;
			buildConfigurationList = 27CC3CC928EF97D100C756D4 /* Build configuration list for PBXNativeTarget "CardGameTests" */;
			buildPhases = (
				27CC3CAE28EF97D100C756D4 /* Sources */,
				27CC3CAF28EF97D100C756D4 /* Frameworks */,
				27CC3CB028EF97D100C756D4 /* Resources */,
			);
			buildRules = (
			);
			dependencies = (
				27CC3CB428EF97D100C756D4 /* PBXTargetDependency */,
			);
			name = CardGameTests;
			productName = CardGameTests;
			productReference = 27CC3CB228EF97D100C756D4 /* CardGameTests.xctest */;
			productType = "com.apple.product-type.bundle.unit-test";
		};
		27CC3CBC28EF97D100C756D4 /* CardGameUITests */ = {
			isa = PBXNativeTarget;
			buildConfigurationList = 27CC3CCC28EF97D100C756D4 /* Build configuration list for PBXNativeTarget "CardGameUITests" */;
			buildPhases = (
				27CC3CB928EF97D100C756D4 /* Sources */,
				27CC3CBA28EF97D100C756D4 /* Frameworks */,
				27CC3CBB28EF97D100C756D4 /* Resources */,
			);
			buildRules = (
			);
			dependencies = (
				27CC3CBF28EF97D100C756D4 /* PBXTargetDependency */,
			);
			name = CardGameUITests;
			productName = CardGameUITests;
			productReference = 27CC3CBD28EF97D100C756D4 /* CardGameUITests.xctest */;
			productType = "com.apple.product-type.bundle.ui-testing";
		};
/* End PBXNativeTarget section */

/* Begin PBXProject section */
		27CC3C9928EF97CB00C756D4 /* Project object */ = {
			isa = PBXProject;
			attributes = {
				LastSwiftUpdateCheck = 1240;
				LastUpgradeCheck = 1240;
				TargetAttributes = {
					27CC3CA028EF97CB00C756D4 = {
						CreatedOnToolsVersion = 12.4;
					};
					27CC3CB128EF97D100C756D4 = {
						CreatedOnToolsVersion = 12.4;
						TestTargetID = 27CC3CA028EF97CB00C756D4;
					};
					27CC3CBC28EF97D100C756D4 = {
						CreatedOnToolsVersion = 12.4;
						TestTargetID = 27CC3CA028EF97CB00C756D4;
					};
				};
			};
			buildConfigurationList = 27CC3C9C28EF97CB00C756D4 /* Build configuration list for PBXProject "CardGame" */;
			compatibilityVersion = "Xcode 9.3";
			developmentRegion = en;
			hasScannedForEncodings = 0;
			knownRegions = (
				en,
				Base,
			);
			mainGroup = 27CC3C9828EF97CB00C756D4;
			packageReferences = (
				270355AE293AB6B5005531EB /* XCRemoteSwiftPackageReference "Alamofire" */,
				27BCD6432999C937000A9620 /* XCRemoteSwiftPackageReference "SwiftyJSON" */,
				27FC9AD929ABDFC500D73F23 /* XCRemoteSwiftPackageReference "stripe-ios" */,
			);
			productRefGroup = 27CC3CA228EF97CB00C756D4 /* Products */;
			projectDirPath = "";
			projectRoot = "";
			targets = (
				27CC3CA028EF97CB00C756D4 /* CardGame */,
				27CC3CB128EF97D100C756D4 /* CardGameTests */,
				27CC3CBC28EF97D100C756D4 /* CardGameUITests */,
			);
		};
/* End PBXProject section */

/* Begin PBXResourcesBuildPhase section */
		27CC3C9F28EF97CB00C756D4 /* Resources */ = {
			isa = PBXResourcesBuildPhase;
			buildActionMask = 2147483647;
			files = (
				27CC3CAC28EF97D100C756D4 /* Preview Assets.xcassets in Resources */,
				27CC3CA928EF97D100C756D4 /* Assets.xcassets in Resources */,
			);
			runOnlyForDeploymentPostprocessing = 0;
		};
		27CC3CB028EF97D100C756D4 /* Resources */ = {
			isa = PBXResourcesBuildPhase;
			buildActionMask = 2147483647;
			files = (
			);
			runOnlyForDeploymentPostprocessing = 0;
		};
		27CC3CBB28EF97D100C756D4 /* Resources */ = {
			isa = PBXResourcesBuildPhase;
			buildActionMask = 2147483647;
			files = (
			);
			runOnlyForDeploymentPostprocessing = 0;
		};
/* End PBXResourcesBuildPhase section */

/* Begin PBXSourcesBuildPhase section */
		27CC3C9D28EF97CB00C756D4 /* Sources */ = {
			isa = PBXSourcesBuildPhase;
			buildActionMask = 2147483647;
			files = (
				27570D40297F1D9200BB81F1 /* LogInView.swift in Sources */,
				2778451D29037974007B51ED /* CardSelect.swift in Sources */,
				2736162328FB9DFE002C4941 /* Card.swift in Sources */,
				2792A1FF298775490054A5C5 /* LeaderBoardView.swift in Sources */,
				2736163B28FBA1ED002C4941 /* Game.swift in Sources */,
				275CCC7528FCA2420045B5C4 /* StoreView.swift in Sources */,
				2780DECA28F36F29007A6A22 /* MainMenuView.swift in Sources */,
				2778452229037BA1007B51ED /* CardSelectCard.swift in Sources */,
				271AC6FD29355BE90014D1A4 /* GameResultsView.swift in Sources */,
				2736163628FBA1A9002C4941 /* Test.swift in Sources */,
				27222F8C291D914200D578A2 /* HandView.swift in Sources */,
				27222F87291C8F5500D578A2 /* SinglePlayerView2.swift in Sources */,
				275CCC6A28FBA3260045B5C4 /* PreGameView.swift in Sources */,
				27A0ED942984B68800496404 /* SignUpView.swift in Sources */,
				279690DA29050A6C00267B46 /* User.swift in Sources */,
				2780DECF28F3DC38007A6A22 /* OptionView.swift in Sources */,
				27CC3CA528EF97CB00C756D4 /* CardGameApp.swift in Sources */,
			);
			runOnlyForDeploymentPostprocessing = 0;
		};
		27CC3CAE28EF97D100C756D4 /* Sources */ = {
			isa = PBXSourcesBuildPhase;
			buildActionMask = 2147483647;
			files = (
				27CC3CB728EF97D100C756D4 /* CardGameTests.swift in Sources */,
			);
			runOnlyForDeploymentPostprocessing = 0;
		};
		27CC3CB928EF97D100C756D4 /* Sources */ = {
			isa = PBXSourcesBuildPhase;
			buildActionMask = 2147483647;
			files = (
				27CC3CC228EF97D100C756D4 /* CardGameUITests.swift in Sources */,
			);
			runOnlyForDeploymentPostprocessing = 0;
		};
/* End PBXSourcesBuildPhase section */

/* Begin PBXTargetDependency section */
		27CC3CB428EF97D100C756D4 /* PBXTargetDependency */ = {
			isa = PBXTargetDependency;
			target = 27CC3CA028EF97CB00C756D4 /* CardGame */;
			targetProxy = 27CC3CB328EF97D100C756D4 /* PBXContainerItemProxy */;
		};
		27CC3CBF28EF97D100C756D4 /* PBXTargetDependency */ = {
			isa = PBXTargetDependency;
			target = 27CC3CA028EF97CB00C756D4 /* CardGame */;
			targetProxy = 27CC3CBE28EF97D100C756D4 /* PBXContainerItemProxy */;
		};
/* End PBXTargetDependency section */

/* Begin XCBuildConfiguration section */
		27CC3CC428EF97D100C756D4 /* Debug */ = {
			isa = XCBuildConfiguration;
			buildSettings = {
				ALWAYS_SEARCH_USER_PATHS = NO;
				CLANG_ANALYZER_NONNULL = YES;
				CLANG_ANALYZER_NUMBER_OBJECT_CONVERSION = YES_AGGRESSIVE;
				CLANG_CXX_LANGUAGE_STANDARD = "gnu++14";
				CLANG_CXX_LIBRARY = "libc++";
				CLANG_ENABLE_MODULES = YES;
				CLANG_ENABLE_OBJC_ARC = YES;
				CLANG_ENABLE_OBJC_WEAK = YES;
				CLANG_WARN_BLOCK_CAPTURE_AUTORELEASING = YES;
				CLANG_WARN_BOOL_CONVERSION = YES;
				CLANG_WARN_COMMA = YES;
				CLANG_WARN_CONSTANT_CONVERSION = YES;
				CLANG_WARN_DEPRECATED_OBJC_IMPLEMENTATIONS = YES;
				CLANG_WARN_DIRECT_OBJC_ISA_USAGE = YES_ERROR;
				CLANG_WARN_DOCUMENTATION_COMMENTS = YES;
				CLANG_WARN_EMPTY_BODY = YES;
				CLANG_WARN_ENUM_CONVERSION = YES;
				CLANG_WARN_INFINITE_RECURSION = YES;
				CLANG_WARN_INT_CONVERSION = YES;
				CLANG_WARN_NON_LITERAL_NULL_CONVERSION = YES;
				CLANG_WARN_OBJC_IMPLICIT_RETAIN_SELF = YES;
				CLANG_WARN_OBJC_LITERAL_CONVERSION = YES;
				CLANG_WARN_OBJC_ROOT_CLASS = YES_ERROR;
				CLANG_WARN_QUOTED_INCLUDE_IN_FRAMEWORK_HEADER = YES;
				CLANG_WARN_RANGE_LOOP_ANALYSIS = YES;
				CLANG_WARN_STRICT_PROTOTYPES = YES;
				CLANG_WARN_SUSPICIOUS_MOVE = YES;
				CLANG_WARN_UNGUARDED_AVAILABILITY = YES_AGGRESSIVE;
				CLANG_WARN_UNREACHABLE_CODE = YES;
				CLANG_WARN__DUPLICATE_METHOD_MATCH = YES;
				COPY_PHASE_STRIP = NO;
				DEBUG_INFORMATION_FORMAT = dwarf;
				ENABLE_STRICT_OBJC_MSGSEND = YES;
				ENABLE_TESTABILITY = YES;
				GCC_C_LANGUAGE_STANDARD = gnu11;
				GCC_DYNAMIC_NO_PIC = NO;
				GCC_NO_COMMON_BLOCKS = YES;
				GCC_OPTIMIZATION_LEVEL = 0;
				GCC_PREPROCESSOR_DEFINITIONS = (
					"DEBUG=1",
					"$(inherited)",
				);
				GCC_WARN_64_TO_32_BIT_CONVERSION = YES;
				GCC_WARN_ABOUT_RETURN_TYPE = YES_ERROR;
				GCC_WARN_UNDECLARED_SELECTOR = YES;
				GCC_WARN_UNINITIALIZED_AUTOS = YES_AGGRESSIVE;
				GCC_WARN_UNUSED_FUNCTION = YES;
				GCC_WARN_UNUSED_VARIABLE = YES;
				IPHONEOS_DEPLOYMENT_TARGET = 14.4;
				MTL_ENABLE_DEBUG_INFO = INCLUDE_SOURCE;
				MTL_FAST_MATH = YES;
				ONLY_ACTIVE_ARCH = YES;
				SDKROOT = iphoneos;
				SWIFT_ACTIVE_COMPILATION_CONDITIONS = DEBUG;
				SWIFT_OPTIMIZATION_LEVEL = "-Onone";
				SWIFT_VERSION = 5.0;
			};
			name = Debug;
		};
		27CC3CC528EF97D100C756D4 /* Release */ = {
			isa = XCBuildConfiguration;
			buildSettings = {
				ALWAYS_SEARCH_USER_PATHS = NO;
				CLANG_ANALYZER_NONNULL = YES;
				CLANG_ANALYZER_NUMBER_OBJECT_CONVERSION = YES_AGGRESSIVE;
				CLANG_CXX_LANGUAGE_STANDARD = "gnu++14";
				CLANG_CXX_LIBRARY = "libc++";
				CLANG_ENABLE_MODULES = YES;
				CLANG_ENABLE_OBJC_ARC = YES;
				CLANG_ENABLE_OBJC_WEAK = YES;
				CLANG_WARN_BLOCK_CAPTURE_AUTORELEASING = YES;
				CLANG_WARN_BOOL_CONVERSION = YES;
				CLANG_WARN_COMMA = YES;
				CLANG_WARN_CONSTANT_CONVERSION = YES;
				CLANG_WARN_DEPRECATED_OBJC_IMPLEMENTATIONS = YES;
				CLANG_WARN_DIRECT_OBJC_ISA_USAGE = YES_ERROR;
				CLANG_WARN_DOCUMENTATION_COMMENTS = YES;
				CLANG_WARN_EMPTY_BODY = YES;
				CLANG_WARN_ENUM_CONVERSION = YES;
				CLANG_WARN_INFINITE_RECURSION = YES;
				CLANG_WARN_INT_CONVERSION = YES;
				CLANG_WARN_NON_LITERAL_NULL_CONVERSION = YES;
				CLANG_WARN_OBJC_IMPLICIT_RETAIN_SELF = YES;
				CLANG_WARN_OBJC_LITERAL_CONVERSION = YES;
				CLANG_WARN_OBJC_ROOT_CLASS = YES_ERROR;
				CLANG_WARN_QUOTED_INCLUDE_IN_FRAMEWORK_HEADER = YES;
				CLANG_WARN_RANGE_LOOP_ANALYSIS = YES;
				CLANG_WARN_STRICT_PROTOTYPES = YES;
				CLANG_WARN_SUSPICIOUS_MOVE = YES;
				CLANG_WARN_UNGUARDED_AVAILABILITY = YES_AGGRESSIVE;
				CLANG_WARN_UNREACHABLE_CODE = YES;
				CLANG_WARN__DUPLICATE_METHOD_MATCH = YES;
				COPY_PHASE_STRIP = NO;
				DEBUG_INFORMATION_FORMAT = "dwarf-with-dsym";
				ENABLE_NS_ASSERTIONS = NO;
				ENABLE_STRICT_OBJC_MSGSEND = YES;
				GCC_C_LANGUAGE_STANDARD = gnu11;
				GCC_NO_COMMON_BLOCKS = YES;
				GCC_WARN_64_TO_32_BIT_CONVERSION = YES;
				GCC_WARN_ABOUT_RETURN_TYPE = YES_ERROR;
				GCC_WARN_UNDECLARED_SELECTOR = YES;
				GCC_WARN_UNINITIALIZED_AUTOS = YES_AGGRESSIVE;
				GCC_WARN_UNUSED_FUNCTION = YES;
				GCC_WARN_UNUSED_VARIABLE = YES;
				IPHONEOS_DEPLOYMENT_TARGET = 14.4;
				MTL_ENABLE_DEBUG_INFO = NO;
				MTL_FAST_MATH = YES;
				SDKROOT = iphoneos;
				SWIFT_COMPILATION_MODE = wholemodule;
				SWIFT_OPTIMIZATION_LEVEL = "-O";
				SWIFT_VERSION = 5.0;
				VALIDATE_PRODUCT = YES;
			};
			name = Release;
		};
		27CC3CC728EF97D100C756D4 /* Debug */ = {
			isa = XCBuildConfiguration;
			buildSettings = {
				ASSETCATALOG_COMPILER_APPICON_NAME = AppIcon;
				ASSETCATALOG_COMPILER_GLOBAL_ACCENT_COLOR_NAME = AccentColor;
				CODE_SIGN_STYLE = Automatic;
				DEVELOPMENT_ASSET_PATHS = "\"CardGame/Preview Content\"";
				DEVELOPMENT_TEAM = 377AC7N9GG;
				ENABLE_PREVIEWS = YES;
				INFOPLIST_FILE = CardGame/Info.plist;
				IPHONEOS_DEPLOYMENT_TARGET = 14.0;
				LD_RUNPATH_SEARCH_PATHS = (
					"$(inherited)",
					"@executable_path/Frameworks",
				);
				PRODUCT_BUNDLE_IDENTIFIER = KyleHultgren.CardGame;
				PRODUCT_NAME = "$(TARGET_NAME)";
				SWIFT_VERSION = 5.0;
				TARGETED_DEVICE_FAMILY = "1,2";
			};
			name = Debug;
		};
		27CC3CC828EF97D100C756D4 /* Release */ = {
			isa = XCBuildConfiguration;
			buildSettings = {
				ASSETCATALOG_COMPILER_APPICON_NAME = AppIcon;
				ASSETCATALOG_COMPILER_GLOBAL_ACCENT_COLOR_NAME = AccentColor;
				CODE_SIGN_STYLE = Automatic;
				DEVELOPMENT_ASSET_PATHS = "\"CardGame/Preview Content\"";
				DEVELOPMENT_TEAM = 377AC7N9GG;
				ENABLE_PREVIEWS = YES;
				INFOPLIST_FILE = CardGame/Info.plist;
				IPHONEOS_DEPLOYMENT_TARGET = 14.0;
				LD_RUNPATH_SEARCH_PATHS = (
					"$(inherited)",
					"@executable_path/Frameworks",
				);
				PRODUCT_BUNDLE_IDENTIFIER = KyleHultgren.CardGame;
				PRODUCT_NAME = "$(TARGET_NAME)";
				SWIFT_VERSION = 5.0;
				TARGETED_DEVICE_FAMILY = "1,2";
			};
			name = Release;
		};
		27CC3CCA28EF97D100C756D4 /* Debug */ = {
			isa = XCBuildConfiguration;
			buildSettings = {
				ALWAYS_EMBED_SWIFT_STANDARD_LIBRARIES = YES;
				BUNDLE_LOADER = "$(TEST_HOST)";
				CODE_SIGN_STYLE = Automatic;
				DEVELOPMENT_TEAM = 377AC7N9GG;
				INFOPLIST_FILE = CardGameTests/Info.plist;
				IPHONEOS_DEPLOYMENT_TARGET = 14.0;
				LD_RUNPATH_SEARCH_PATHS = (
					"$(inherited)",
					"@executable_path/Frameworks",
					"@loader_path/Frameworks",
				);
				PRODUCT_BUNDLE_IDENTIFIER = KyleHultgren.CardGameTests;
				PRODUCT_NAME = "$(TARGET_NAME)";
				SWIFT_VERSION = 5.0;
				TARGETED_DEVICE_FAMILY = "1,2";
				TEST_HOST = "$(BUILT_PRODUCTS_DIR)/CardGame.app/CardGame";
			};
			name = Debug;
		};
		27CC3CCB28EF97D100C756D4 /* Release */ = {
			isa = XCBuildConfiguration;
			buildSettings = {
				ALWAYS_EMBED_SWIFT_STANDARD_LIBRARIES = YES;
				BUNDLE_LOADER = "$(TEST_HOST)";
				CODE_SIGN_STYLE = Automatic;
				DEVELOPMENT_TEAM = 377AC7N9GG;
				INFOPLIST_FILE = CardGameTests/Info.plist;
				IPHONEOS_DEPLOYMENT_TARGET = 14.0;
				LD_RUNPATH_SEARCH_PATHS = (
					"$(inherited)",
					"@executable_path/Frameworks",
					"@loader_path/Frameworks",
				);
				PRODUCT_BUNDLE_IDENTIFIER = KyleHultgren.CardGameTests;
				PRODUCT_NAME = "$(TARGET_NAME)";
				SWIFT_VERSION = 5.0;
				TARGETED_DEVICE_FAMILY = "1,2";
				TEST_HOST = "$(BUILT_PRODUCTS_DIR)/CardGame.app/CardGame";
			};
			name = Release;
		};
		27CC3CCD28EF97D100C756D4 /* Debug */ = {
			isa = XCBuildConfiguration;
			buildSettings = {
				ALWAYS_EMBED_SWIFT_STANDARD_LIBRARIES = YES;
				CODE_SIGN_STYLE = Automatic;
				DEVELOPMENT_TEAM = 377AC7N9GG;
				INFOPLIST_FILE = CardGameUITests/Info.plist;
				LD_RUNPATH_SEARCH_PATHS = (
					"$(inherited)",
					"@executable_path/Frameworks",
					"@loader_path/Frameworks",
				);
				PRODUCT_BUNDLE_IDENTIFIER = KyleHultgren.CardGameUITests;
				PRODUCT_NAME = "$(TARGET_NAME)";
				SWIFT_VERSION = 5.0;
				TARGETED_DEVICE_FAMILY = "1,2";
				TEST_TARGET_NAME = CardGame;
			};
			name = Debug;
		};
		27CC3CCE28EF97D100C756D4 /* Release */ = {
			isa = XCBuildConfiguration;
			buildSettings = {
				ALWAYS_EMBED_SWIFT_STANDARD_LIBRARIES = YES;
				CODE_SIGN_STYLE = Automatic;
				DEVELOPMENT_TEAM = 377AC7N9GG;
				INFOPLIST_FILE = CardGameUITests/Info.plist;
				LD_RUNPATH_SEARCH_PATHS = (
					"$(inherited)",
					"@executable_path/Frameworks",
					"@loader_path/Frameworks",
				);
				PRODUCT_BUNDLE_IDENTIFIER = KyleHultgren.CardGameUITests;
				PRODUCT_NAME = "$(TARGET_NAME)";
				SWIFT_VERSION = 5.0;
				TARGETED_DEVICE_FAMILY = "1,2";
				TEST_TARGET_NAME = CardGame;
			};
			name = Release;
		};
/* End XCBuildConfiguration section */

/* Begin XCConfigurationList section */
		27CC3C9C28EF97CB00C756D4 /* Build configuration list for PBXProject "CardGame" */ = {
			isa = XCConfigurationList;
			buildConfigurations = (
				27CC3CC428EF97D100C756D4 /* Debug */,
				27CC3CC528EF97D100C756D4 /* Release */,
			);
			defaultConfigurationIsVisible = 0;
			defaultConfigurationName = Release;
		};
		27CC3CC628EF97D100C756D4 /* Build configuration list for PBXNativeTarget "CardGame" */ = {
			isa = XCConfigurationList;
			buildConfigurations = (
				27CC3CC728EF97D100C756D4 /* Debug */,
				27CC3CC828EF97D100C756D4 /* Release */,
			);
			defaultConfigurationIsVisible = 0;
			defaultConfigurationName = Release;
		};
		27CC3CC928EF97D100C756D4 /* Build configuration list for PBXNativeTarget "CardGameTests" */ = {
			isa = XCConfigurationList;
			buildConfigurations = (
				27CC3CCA28EF97D100C756D4 /* Debug */,
				27CC3CCB28EF97D100C756D4 /* Release */,
			);
			defaultConfigurationIsVisible = 0;
			defaultConfigurationName = Release;
		};
		27CC3CCC28EF97D100C756D4 /* Build configuration list for PBXNativeTarget "CardGameUITests" */ = {
			isa = XCConfigurationList;
			buildConfigurations = (
				27CC3CCD28EF97D100C756D4 /* Debug */,
				27CC3CCE28EF97D100C756D4 /* Release */,
			);
			defaultConfigurationIsVisible = 0;
			defaultConfigurationName = Release;
		};
/* End XCConfigurationList section */

/* Begin XCRemoteSwiftPackageReference section */
		270355AE293AB6B5005531EB /* XCRemoteSwiftPackageReference "Alamofire" */ = {
			isa = XCRemoteSwiftPackageReference;
			repositoryURL = "https://github.com/Alamofire/Alamofire.git";
			requirement = {
				kind = upToNextMajorVersion;
				minimumVersion = 5.6.4;
			};
		};
		27BCD6432999C937000A9620 /* XCRemoteSwiftPackageReference "SwiftyJSON" */ = {
			isa = XCRemoteSwiftPackageReference;
			repositoryURL = "https://github.com/SwiftyJSON/SwiftyJSON.git";
			requirement = {
				kind = upToNextMajorVersion;
				minimumVersion = 5.0.1;
			};
		};
		27FC9AD929ABDFC500D73F23 /* XCRemoteSwiftPackageReference "stripe-ios" */ = {
			isa = XCRemoteSwiftPackageReference;
			repositoryURL = "https://github.com/stripe/stripe-ios.git";
			requirement = {
				kind = upToNextMajorVersion;
				minimumVersion = 23.0.0;
			};
		};
/* End XCRemoteSwiftPackageReference section */

/* Begin XCSwiftPackageProductDependency section */
		270355AF293AB6B5005531EB /* Alamofire */ = {
			isa = XCSwiftPackageProductDependency;
			package = 270355AE293AB6B5005531EB /* XCRemoteSwiftPackageReference "Alamofire" */;
			productName = Alamofire;
		};
		27BCD6442999C937000A9620 /* SwiftyJSON */ = {
			isa = XCSwiftPackageProductDependency;
			package = 27BCD6432999C937000A9620 /* XCRemoteSwiftPackageReference "SwiftyJSON" */;
			productName = SwiftyJSON;
		};
		27FC9ADA29ABDFC500D73F23 /* Stripe */ = {
			isa = XCSwiftPackageProductDependency;
			package = 27FC9AD929ABDFC500D73F23 /* XCRemoteSwiftPackageReference "stripe-ios" */;
			productName = Stripe;
		};
		27FC9ADC29ABDFC500D73F23 /* StripeApplePay */ = {
			isa = XCSwiftPackageProductDependency;
			package = 27FC9AD929ABDFC500D73F23 /* XCRemoteSwiftPackageReference "stripe-ios" */;
			productName = StripeApplePay;
		};
		27FC9ADE29ABDFC500D73F23 /* StripeCardScan */ = {
			isa = XCSwiftPackageProductDependency;
			package = 27FC9AD929ABDFC500D73F23 /* XCRemoteSwiftPackageReference "stripe-ios" */;
			productName = StripeCardScan;
		};
		27FC9AE029ABDFC500D73F23 /* StripeFinancialConnections */ = {
			isa = XCSwiftPackageProductDependency;
			package = 27FC9AD929ABDFC500D73F23 /* XCRemoteSwiftPackageReference "stripe-ios" */;
			productName = StripeFinancialConnections;
		};
		27FC9AE229ABDFC500D73F23 /* StripeIdentity */ = {
			isa = XCSwiftPackageProductDependency;
			package = 27FC9AD929ABDFC500D73F23 /* XCRemoteSwiftPackageReference "stripe-ios" */;
			productName = StripeIdentity;
		};
		27FC9AE429ABDFC500D73F23 /* StripePaymentSheet */ = {
			isa = XCSwiftPackageProductDependency;
			package = 27FC9AD929ABDFC500D73F23 /* XCRemoteSwiftPackageReference "stripe-ios" */;
			productName = StripePaymentSheet;
		};
		27FC9AE629ABDFC500D73F23 /* StripePayments */ = {
			isa = XCSwiftPackageProductDependency;
			package = 27FC9AD929ABDFC500D73F23 /* XCRemoteSwiftPackageReference "stripe-ios" */;
			productName = StripePayments;
		};
		27FC9AE829ABDFC500D73F23 /* StripePaymentsUI */ = {
			isa = XCSwiftPackageProductDependency;
			package = 27FC9AD929ABDFC500D73F23 /* XCRemoteSwiftPackageReference "stripe-ios" */;
			productName = StripePaymentsUI;
		};
/* End XCSwiftPackageProductDependency section */
	};
	rootObject = 27CC3C9928EF97CB00C756D4 /* Project object */;
}
