// !$*UTF8*$!
{
	archiveVersion = 1;
	classes = {
	};
	objectVersion = 50;
	objects = {

/* Begin PBXBuildFile section */
		27CC3CA528EF97CB00C756D4 /* CardGameApp.swift in Sources */ = {isa = PBXBuildFile; fileRef = 27CC3CA428EF97CB00C756D4 /* CardGameApp.swift */; };
		27CC3CA728EF97CB00C756D4 /* ContentView.swift in Sources */ = {isa = PBXBuildFile; fileRef = 27CC3CA628EF97CB00C756D4 /* ContentView.swift */; };
		27CC3CA928EF97D100C756D4 /* Assets.xcassets in Resources */ = {isa = PBXBuildFile; fileRef = 27CC3CA828EF97D100C756D4 /* Assets.xcassets */; };
		27CC3CAC28EF97D100C756D4 /* Preview Assets.xcassets in Resources */ = {isa = PBXBuildFile; fileRef = 27CC3CAB28EF97D100C756D4 /* Preview Assets.xcassets */; };
		27CC3CB728EF97D100C756D4 /* CardGameTests.swift in Sources */ = {isa = PBXBuildFile; fileRef = 27CC3CB628EF97D100C756D4 /* CardGameTests.swift */; };
		27CC3CC228EF97D100C756D4 /* CardGameUITests.swift in Sources */ = {isa = PBXBuildFile; fileRef = 27CC3CC128EF97D100C756D4 /* CardGameUITests.swift */; };
/* End PBXBuildFile section */

/* Begin PBXContainerItemProxy section */
		27CC3CB328EF97D100C756D4 /* PBXContainerItemProxy */ = {
			isa = PBXContainerItemProxy;
			containerPortal = 27CC3C9928EF97CB00C756D4 /* Project object */;
			proxyType = 1;
			remoteGlobalIDString = 27CC3CA028EF97CB00C756D4;
			remoteInfo = CardGame;
		};
		27CC3CBE28EF97D100C756D4 /* PBXContainerItemProxy */ = {
			isa = PBXContainerItemProxy;
			containerPortal = 27CC3C9928EF97CB00C756D4 /* Project object */;
			proxyType = 1;
			remoteGlobalIDString = 27CC3CA028EF97CB00C756D4;
			remoteInfo = CardGame;
		};
/* End PBXContainerItemProxy section */

/* Begin PBXFileReference section */
		27CC3CA128EF97CB00C756D4 /* CardGame.app */ = {isa = PBXFileReference; explicitFileType = wrapper.application; includeInIndex = 0; path = CardGame.app; sourceTree = BUILT_PRODUCTS_DIR; };
		27CC3CA428EF97CB00C756D4 /* CardGameApp.swift */ = {isa = PBXFileReference; lastKnownFileType = sourcecode.swift; path = CardGameApp.swift; sourceTree = "<group>"; };
		27CC3CA628EF97CB00C756D4 /* ContentView.swift */ = {isa = PBXFileReference; lastKnownFileType = sourcecode.swift; path = ContentView.swift; sourceTree = "<group>"; };
		27CC3CA828EF97D100C756D4 /* Assets.xcassets */ = {isa = PBXFileReference; lastKnownFileType = folder.assetcatalog; path = Assets.xcassets; sourceTree = "<group>"; };
		27CC3CAB28EF97D100C756D4 /* Preview Assets.xcassets */ = {isa = PBXFileReference; lastKnownFileType = folder.assetcatalog; path = "Preview Assets.xcassets"; sourceTree = "<group>"; };
		27CC3CAD28EF97D100C756D4 /* Info.plist */ = {isa = PBXFileReference; lastKnownFileType = text.plist.xml; path = Info.plist; sourceTree = "<group>"; };
		27CC3CB228EF97D100C756D4 /* CardGameTests.xctest */ = {isa = PBXFileReference; explicitFileType = wrapper.cfbundle; includeInIndex = 0; path = CardGameTests.xctest; sourceTree = BUILT_PRODUCTS_DIR; };
		27CC3CB628EF97D100C756D4 /* CardGameTests.swift */ = {isa = PBXFileReference; lastKnownFileType = sourcecode.swift; path = CardGameTests.swift; sourceTree = "<group>"; };
		27CC3CB828EF97D100C756D4 /* Info.plist */ = {isa = PBXFileReference; lastKnownFileType = text.plist.xml; path = Info.plist; sourceTree = "<group>"; };
		27CC3CBD28EF97D100C756D4 /* CardGameUITests.xctest */ = {isa = PBXFileReference; explicitFileType = wrapper.cfbundle; includeInIndex = 0; path = CardGameUITests.xctest; sourceTree = BUILT_PRODUCTS_DIR; };
		27CC3CC128EF97D100C756D4 /* CardGameUITests.swift */ = {isa = PBXFileReference; lastKnownFileType = sourcecode.swift; path = CardGameUITests.swift; sourceTree = "<group>"; };
		27CC3CC328EF97D100C756D4 /* Info.plist */ = {isa = PBXFileReference; lastKnownFileType = text.plist.xml; path = Info.plist; sourceTree = "<group>"; };
/* End PBXFileReference section */

/* Begin PBXFrameworksBuildPhase section */
		27CC3C9E28EF97CB00C756D4 /* Frameworks */ = {
			isa = PBXFrameworksBuildPhase;
			buildActionMask = 2147483647;
			files = (
			);
			runOnlyForDeploymentPostprocessing = 0;
		};
		27CC3CAF28EF97D100C756D4 /* Frameworks */ = {
			isa = PBXFrameworksBuildPhase;
			buildActionMask = 2147483647;
			files = (
			);
			runOnlyForDeploymentPostprocessing = 0;
		};
		27CC3CBA28EF97D100C756D4 /* Frameworks */ = {
			isa = PBXFrameworksBuildPhase;
			buildActionMask = 2147483647;
			files = (
			);
			runOnlyForDeploymentPostprocessing = 0;
		};
/* End PBXFrameworksBuildPhase section */

/* Begin PBXGroup section */
		27CC3C9828EF97CB00C756D4 = {
			isa = PBXGroup;
			children = (
				27CC3CA328EF97CB00C756D4 /* CardGame */,
				27CC3CB528EF97D100C756D4 /* CardGameTests */,
				27CC3CC028EF97D100C756D4 /* CardGameUITests */,
				27CC3CA228EF97CB00C756D4 /* Products */,
			);
			sourceTree = "<group>";
		};
		27CC3CA228EF97CB00C756D4 /* Products */ = {
			isa = PBXGroup;
			children = (
				27CC3CA128EF97CB00C756D4 /* CardGame.app */,
				27CC3CB228EF97D100C756D4 /* CardGameTests.xctest */,
				27CC3CBD28EF97D100C756D4 /* CardGameUITests.xctest */,
			);
			name = Products;
			sourceTree = "<group>";
		};
		27CC3CA328EF97CB00C756D4 /* CardGame */ = {
			isa = PBXGroup;
			children = (
				27CC3CA428EF97CB00C756D4 /* CardGameApp.swift */,
				27CC3CA628EF97CB00C756D4 /* ContentView.swift */,
				27CC3CA828EF97D100C756D4 /* Assets.xcassets */,
				27CC3CAD28EF97D100C756D4 /* Info.plist */,
				27CC3CAA28EF97D100C756D4 /* Preview Content */,
			);
			path = CardGame;
			sourceTree = "<group>";
		};
		27CC3CAA28EF97D100C756D4 /* Preview Content */ = {
			isa = PBXGroup;
			children = (
				27CC3CAB28EF97D100C756D4 /* Preview Assets.xcassets */,
			);
			path = "Preview Content";
			sourceTree = "<group>";
		};
		27CC3CB528EF97D100C756D4 /* CardGameTests */ = {
			isa = PBXGroup;
			children = (
				27CC3CB628EF97D100C756D4 /* CardGameTests.swift */,
				27CC3CB828EF97D100C756D4 /* Info.plist */,
			);
			path = CardGameTests;
			sourceTree = "<group>";
		};
		27CC3CC028EF97D100C756D4 /* CardGameUITests */ = {
			isa = PBXGroup;
			children = (
				27CC3CC128EF97D100C756D4 /* CardGameUITests.swift */,
				27CC3CC328EF97D100C756D4 /* Info.plist */,
			);
			path = CardGameUITests;
			sourceTree = "<group>";
		};
/* End PBXGroup section */

/* Begin PBXNativeTarget section */
		27CC3CA028EF97CB00C756D4 /* CardGame */ = {
			isa = PBXNativeTarget;
			buildConfigurationList = 27CC3CC628EF97D100C756D4 /* Build configuration list for PBXNativeTarget "CardGame" */;
			buildPhases = (
				27CC3C9D28EF97CB00C756D4 /* Sources */,
				27CC3C9E28EF97CB00C756D4 /* Frameworks */,
				27CC3C9F28EF97CB00C756D4 /* Resources */,
			);
			buildRules = (
			);
			dependencies = (
			);
			name = CardGame;
			productName = CardGame;
			productReference = 27CC3CA128EF97CB00C756D4 /* CardGame.app */;
			productType = "com.apple.product-type.application";
		};
		27CC3CB128EF97D100C756D4 /* CardGameTests */ = {
			isa = PBXNativeTarget;
			buildConfigurationList = 27CC3CC928EF97D100C756D4 /* Build configuration list for PBXNativeTarget "CardGameTests" */;
			buildPhases = (
				27CC3CAE28EF97D100C756D4 /* Sources */,
				27CC3CAF28EF97D100C756D4 /* Frameworks */,
				27CC3CB028EF97D100C756D4 /* Resources */,
			);
			buildRules = (
			);
			dependencies = (
				27CC3CB428EF97D100C756D4 /* PBXTargetDependency */,
			);
			name = CardGameTests;
			productName = CardGameTests;
			productReference = 27CC3CB228EF97D100C756D4 /* CardGameTests.xctest */;
			productType = "com.apple.product-type.bundle.unit-test";
		};
		27CC3CBC28EF97D100C756D4 /* CardGameUITests */ = {
			isa = PBXNativeTarget;
			buildConfigurationList = 27CC3CCC28EF97D100C756D4 /* Build configuration list for PBXNativeTarget "CardGameUITests" */;
			buildPhases = (
				27CC3CB928EF97D100C756D4 /* Sources */,
				27CC3CBA28EF97D100C756D4 /* Frameworks */,
				27CC3CBB28EF97D100C756D4 /* Resources */,
			);
			buildRules = (
			);
			dependencies = (
				27CC3CBF28EF97D100C756D4 /* PBXTargetDependency */,
			);
			name = CardGameUITests;
			productName = CardGameUITests;
			productReference = 27CC3CBD28EF97D100C756D4 /* CardGameUITests.xctest */;
			productType = "com.apple.product-type.bundle.ui-testing";
		};
/* End PBXNativeTarget section */

/* Begin PBXProject section */
		27CC3C9928EF97CB00C756D4 /* Project object */ = {
			isa = PBXProject;
			attributes = {
				LastSwiftUpdateCheck = 1240;
				LastUpgradeCheck = 1240;
				TargetAttributes = {
					27CC3CA028EF97CB00C756D4 = {
						CreatedOnToolsVersion = 12.4;
					};
					27CC3CB128EF97D100C756D4 = {
						CreatedOnToolsVersion = 12.4;
						TestTargetID = 27CC3CA028EF97CB00C756D4;
					};
					27CC3CBC28EF97D100C756D4 = {
						CreatedOnToolsVersion = 12.4;
						TestTargetID = 27CC3CA028EF97CB00C756D4;
					};
				};
			};
			buildConfigurationList = 27CC3C9C28EF97CB00C756D4 /* Build configuration list for PBXProject "CardGame" */;
			compatibilityVersion = "Xcode 9.3";
			developmentRegion = en;
			hasScannedForEncodings = 0;
			knownRegions = (
				en,
				Base,
			);
			mainGroup = 27CC3C9828EF97CB00C756D4;
			productRefGroup = 27CC3CA228EF97CB00C756D4 /* Products */;
			projectDirPath = "";
			projectRoot = "";
			targets = (
				27CC3CA028EF97CB00C756D4 /* CardGame */,
				27CC3CB128EF97D100C756D4 /* CardGameTests */,
				27CC3CBC28EF97D100C756D4 /* CardGameUITests */,
			);
		};
/* End PBXProject section */

/* Begin PBXResourcesBuildPhase section */
		27CC3C9F28EF97CB00C756D4 /* Resources */ = {
			isa = PBXResourcesBuildPhase;
			buildActionMask = 2147483647;
			files = (
				27CC3CAC28EF97D100C756D4 /* Preview Assets.xcassets in Resources */,
				27CC3CA928EF97D100C756D4 /* Assets.xcassets in Resources */,
			);
			runOnlyForDeploymentPostprocessing = 0;
		};
		27CC3CB028EF97D100C756D4 /* Resources */ = {
			isa = PBXResourcesBuildPhase;
			buildActionMask = 2147483647;
			files = (
			);
			runOnlyForDeploymentPostprocessing = 0;
		};
		27CC3CBB28EF97D100C756D4 /* Resources */ = {
			isa = PBXResourcesBuildPhase;
			buildActionMask = 2147483647;
			files = (
			);
			runOnlyForDeploymentPostprocessing = 0;
		};
/* End PBXResourcesBuildPhase section */

/* Begin PBXSourcesBuildPhase section */
		27CC3C9D28EF97CB00C756D4 /* Sources */ = {
			isa = PBXSourcesBuildPhase;
			buildActionMask = 2147483647;
			files = (
				27CC3CA728EF97CB00C756D4 /* ContentView.swift in Sources */,
				27CC3CA528EF97CB00C756D4 /* CardGameApp.swift in Sources */,
			);
			runOnlyForDeploymentPostprocessing = 0;
		};
		27CC3CAE28EF97D100C756D4 /* Sources */ = {
			isa = PBXSourcesBuildPhase;
			buildActionMask = 2147483647;
			files = (
				27CC3CB728EF97D100C756D4 /* CardGameTests.swift in Sources */,
			);
			runOnlyForDeploymentPostprocessing = 0;
		};
		27CC3CB928EF97D100C756D4 /* Sources */ = {
			isa = PBXSourcesBuildPhase;
			buildActionMask = 2147483647;
			files = (
				27CC3CC228EF97D100C756D4 /* CardGameUITests.swift in Sources */,
			);
			runOnlyForDeploymentPostprocessing = 0;
		};
/* End PBXSourcesBuildPhase section */

/* Begin PBXTargetDependency section */
		27CC3CB428EF97D100C756D4 /* PBXTargetDependency */ = {
			isa = PBXTargetDependency;
			target = 27CC3CA028EF97CB00C756D4 /* CardGame */;
			targetProxy = 27CC3CB328EF97D100C756D4 /* PBXContainerItemProxy */;
		};
		27CC3CBF28EF97D100C756D4 /* PBXTargetDependency */ = {
			isa = PBXTargetDependency;
			target = 27CC3CA028EF97CB00C756D4 /* CardGame */;
			targetProxy = 27CC3CBE28EF97D100C756D4 /* PBXContainerItemProxy */;
		};
/* End PBXTargetDependency section */

/* Begin XCBuildConfiguration section */
		27CC3CC428EF97D100C756D4 /* Debug */ = {
			isa = XCBuildConfiguration;
			buildSettings = {
				ALWAYS_SEARCH_USER_PATHS = NO;
				CLANG_ANALYZER_NONNULL = YES;
				CLANG_ANALYZER_NUMBER_OBJECT_CONVERSION = YES_AGGRESSIVE;
				CLANG_CXX_LANGUAGE_STANDARD = "gnu++14";
				CLANG_CXX_LIBRARY = "libc++";
				CLANG_ENABLE_MODULES = YES;
				CLANG_ENABLE_OBJC_ARC = YES;
				CLANG_ENABLE_OBJC_WEAK = YES;
				CLANG_WARN_BLOCK_CAPTURE_AUTORELEASING = YES;
				CLANG_WARN_BOOL_CONVERSION = YES;
				CLANG_WARN_COMMA = YES;
				CLANG_WARN_CONSTANT_CONVERSION = YES;
				CLANG_WARN_DEPRECATED_OBJC_IMPLEMENTATIONS = YES;
				CLANG_WARN_DIRECT_OBJC_ISA_USAGE = YES_ERROR;
				CLANG_WARN_DOCUMENTATION_COMMENTS = YES;
				CLANG_WARN_EMPTY_BODY = YES;
				CLANG_WARN_ENUM_CONVERSION = YES;
				CLANG_WARN_INFINITE_RECURSION = YES;
				CLANG_WARN_INT_CONVERSION = YES;
				CLANG_WARN_NON_LITERAL_NULL_CONVERSION = YES;
				CLANG_WARN_OBJC_IMPLICIT_RETAIN_SELF = YES;
				CLANG_WARN_OBJC_LITERAL_CONVERSION = YES;
				CLANG_WARN_OBJC_ROOT_CLASS = YES_ERROR;
				CLANG_WARN_QUOTED_INCLUDE_IN_FRAMEWORK_HEADER = YES;
				CLANG_WARN_RANGE_LOOP_ANALYSIS = YES;
				CLANG_WARN_STRICT_PROTOTYPES = YES;
				CLANG_WARN_SUSPICIOUS_MOVE = YES;
				CLANG_WARN_UNGUARDED_AVAILABILITY = YES_AGGRESSIVE;
				CLANG_WARN_UNREACHABLE_CODE = YES;
				CLANG_WARN__DUPLICATE_METHOD_MATCH = YES;
				COPY_PHASE_STRIP = NO;
				DEBUG_INFORMATION_FORMAT = dwarf;
				ENABLE_STRICT_OBJC_MSGSEND = YES;
				ENABLE_TESTABILITY = YES;
				GCC_C_LANGUAGE_STANDARD = gnu11;
				GCC_DYNAMIC_NO_PIC = NO;
				GCC_NO_COMMON_BLOCKS = YES;
				GCC_OPTIMIZATION_LEVEL = 0;
				GCC_PREPROCESSOR_DEFINITIONS = (
					"DEBUG=1",
					"$(inherited)",
				);
				GCC_WARN_64_TO_32_BIT_CONVERSION = YES;
				GCC_WARN_ABOUT_RETURN_TYPE = YES_ERROR;
				GCC_WARN_UNDECLARED_SELECTOR = YES;
				GCC_WARN_UNINITIALIZED_AUTOS = YES_AGGRESSIVE;
				GCC_WARN_UNUSED_FUNCTION = YES;
				GCC_WARN_UNUSED_VARIABLE = YES;
				IPHONEOS_DEPLOYMENT_TARGET = 14.4;
				MTL_ENABLE_DEBUG_INFO = INCLUDE_SOURCE;
				MTL_FAST_MATH = YES;
				ONLY_ACTIVE_ARCH = YES;
				SDKROOT = iphoneos;
				SWIFT_ACTIVE_COMPILATION_CONDITIONS = DEBUG;
				SWIFT_OPTIMIZATION_LEVEL = "-Onone";
			};
			name = Debug;
		};
		27CC3CC528EF97D100C756D4 /* Release */ = {
			isa = XCBuildConfiguration;
			buildSettings = {
				ALWAYS_SEARCH_USER_PATHS = NO;
				CLANG_ANALYZER_NONNULL = YES;
				CLANG_ANALYZER_NUMBER_OBJECT_CONVERSION = YES_AGGRESSIVE;
				CLANG_CXX_LANGUAGE_STANDARD = "gnu++14";
				CLANG_CXX_LIBRARY = "libc++";
				CLANG_ENABLE_MODULES = YES;
				CLANG_ENABLE_OBJC_ARC = YES;
				CLANG_ENABLE_OBJC_WEAK = YES;
				CLANG_WARN_BLOCK_CAPTURE_AUTORELEASING = YES;
				CLANG_WARN_BOOL_CONVERSION = YES;
				CLANG_WARN_COMMA = YES;
				CLANG_WARN_CONSTANT_CONVERSION = YES;
				CLANG_WARN_DEPRECATED_OBJC_IMPLEMENTATIONS = YES;
				CLANG_WARN_DIRECT_OBJC_ISA_USAGE = YES_ERROR;
				CLANG_WARN_DOCUMENTATION_COMMENTS = YES;
				CLANG_WARN_EMPTY_BODY = YES;
				CLANG_WARN_ENUM_CONVERSION = YES;
				CLANG_WARN_INFINITE_RECURSION = YES;
				CLANG_WARN_INT_CONVERSION = YES;
				CLANG_WARN_NON_LITERAL_NULL_CONVERSION = YES;
				CLANG_WARN_OBJC_IMPLICIT_RETAIN_SELF = YES;
				CLANG_WARN_OBJC_LITERAL_CONVERSION = YES;
				CLANG_WARN_OBJC_ROOT_CLASS = YES_ERROR;
				CLANG_WARN_QUOTED_INCLUDE_IN_FRAMEWORK_HEADER = YES;
				CLANG_WARN_RANGE_LOOP_ANALYSIS = YES;
				CLANG_WARN_STRICT_PROTOTYPES = YES;
				CLANG_WARN_SUSPICIOUS_MOVE = YES;
				CLANG_WARN_UNGUARDED_AVAILABILITY = YES_AGGRESSIVE;
				CLANG_WARN_UNREACHABLE_CODE = YES;
				CLANG_WARN__DUPLICATE_METHOD_MATCH = YES;
				COPY_PHASE_STRIP = NO;
				DEBUG_INFORMATION_FORMAT = "dwarf-with-dsym";
				ENABLE_NS_ASSERTIONS = NO;
				ENABLE_STRICT_OBJC_MSGSEND = YES;
				GCC_C_LANGUAGE_STANDARD = gnu11;
				GCC_NO_COMMON_BLOCKS = YES;
				GCC_WARN_64_TO_32_BIT_CONVERSION = YES;
				GCC_WARN_ABOUT_RETURN_TYPE = YES_ERROR;
				GCC_WARN_UNDECLARED_SELECTOR = YES;
				GCC_WARN_UNINITIALIZED_AUTOS = YES_AGGRESSIVE;
				GCC_WARN_UNUSED_FUNCTION = YES;
				GCC_WARN_UNUSED_VARIABLE = YES;
				IPHONEOS_DEPLOYMENT_TARGET = 14.4;
				MTL_ENABLE_DEBUG_INFO = NO;
				MTL_FAST_MATH = YES;
				SDKROOT = iphoneos;
				SWIFT_COMPILATION_MODE = wholemodule;
				SWIFT_OPTIMIZATION_LEVEL = "-O";
				VALIDATE_PRODUCT = YES;
			};
			name = Release;
		};
		27CC3CC728EF97D100C756D4 /* Debug */ = {
			isa = XCBuildConfiguration;
			buildSettings = {
				ASSETCATALOG_COMPILER_APPICON_NAME = AppIcon;
				ASSETCATALOG_COMPILER_GLOBAL_ACCENT_COLOR_NAME = AccentColor;
				CODE_SIGN_STYLE = Automatic;
				DEVELOPMENT_ASSET_PATHS = "\"CardGame/Preview Content\"";
				DEVELOPMENT_TEAM = 377AC7N9GG;
				ENABLE_PREVIEWS = YES;
				INFOPLIST_FILE = CardGame/Info.plist;
				IPHONEOS_DEPLOYMENT_TARGET = 14.0;
				LD_RUNPATH_SEARCH_PATHS = (
					"$(inherited)",
					"@executable_path/Frameworks",
				);
				PRODUCT_BUNDLE_IDENTIFIER = KyleHultgren.CardGame;
				PRODUCT_NAME = "$(TARGET_NAME)";
				SWIFT_VERSION = 5.0;
				TARGETED_DEVICE_FAMILY = "1,2";
			};
			name = Debug;
		};
		27CC3CC828EF97D100C756D4 /* Release */ = {
			isa = XCBuildConfiguration;
			buildSettings = {
				ASSETCATALOG_COMPILER_APPICON_NAME = AppIcon;
				ASSETCATALOG_COMPILER_GLOBAL_ACCENT_COLOR_NAME = AccentColor;
				CODE_SIGN_STYLE = Automatic;
				DEVELOPMENT_ASSET_PATHS = "\"CardGame/Preview Content\"";
				DEVELOPMENT_TEAM = 377AC7N9GG;
				ENABLE_PREVIEWS = YES;
				INFOPLIST_FILE = CardGame/Info.plist;
				IPHONEOS_DEPLOYMENT_TARGET = 14.0;
				LD_RUNPATH_SEARCH_PATHS = (
					"$(inherited)",
					"@executable_path/Frameworks",
				);
				PRODUCT_BUNDLE_IDENTIFIER = KyleHultgren.CardGame;
				PRODUCT_NAME = "$(TARGET_NAME)";
				SWIFT_VERSION = 5.0;
				TARGETED_DEVICE_FAMILY = "1,2";
			};
			name = Release;
		};
		27CC3CCA28EF97D100C756D4 /* Debug */ = {
			isa = XCBuildConfiguration;
			buildSettings = {
				ALWAYS_EMBED_SWIFT_STANDARD_LIBRARIES = YES;
				BUNDLE_LOADER = "$(TEST_HOST)";
				CODE_SIGN_STYLE = Automatic;
				DEVELOPMENT_TEAM = 377AC7N9GG;
				INFOPLIST_FILE = CardGameTests/Info.plist;
				IPHONEOS_DEPLOYMENT_TARGET = 14.0;
				LD_RUNPATH_SEARCH_PATHS = (
					"$(inherited)",
					"@executable_path/Frameworks",
					"@loader_path/Frameworks",
				);
				PRODUCT_BUNDLE_IDENTIFIER = KyleHultgren.CardGameTests;
				PRODUCT_NAME = "$(TARGET_NAME)";
				SWIFT_VERSION = 5.0;
				TARGETED_DEVICE_FAMILY = "1,2";
				TEST_HOST = "$(BUILT_PRODUCTS_DIR)/CardGame.app/CardGame";
			};
			name = Debug;
		};
		27CC3CCB28EF97D100C756D4 /* Release */ = {
			isa = XCBuildConfiguration;
			buildSettings = {
				ALWAYS_EMBED_SWIFT_STANDARD_LIBRARIES = YES;
				BUNDLE_LOADER = "$(TEST_HOST)";
				CODE_SIGN_STYLE = Automatic;
				DEVELOPMENT_TEAM = 377AC7N9GG;
				INFOPLIST_FILE = CardGameTests/Info.plist;
				IPHONEOS_DEPLOYMENT_TARGET = 14.0;
				LD_RUNPATH_SEARCH_PATHS = (
					"$(inherited)",
					"@executable_path/Frameworks",
					"@loader_path/Frameworks",
				);
				PRODUCT_BUNDLE_IDENTIFIER = KyleHultgren.CardGameTests;
				PRODUCT_NAME = "$(TARGET_NAME)";
				SWIFT_VERSION = 5.0;
				TARGETED_DEVICE_FAMILY = "1,2";
				TEST_HOST = "$(BUILT_PRODUCTS_DIR)/CardGame.app/CardGame";
			};
			name = Release;
		};
		27CC3CCD28EF97D100C756D4 /* Debug */ = {
			isa = XCBuildConfiguration;
			buildSettings = {
				ALWAYS_EMBED_SWIFT_STANDARD_LIBRARIES = YES;
				CODE_SIGN_STYLE = Automatic;
				DEVELOPMENT_TEAM = 377AC7N9GG;
				INFOPLIST_FILE = CardGameUITests/Info.plist;
				LD_RUNPATH_SEARCH_PATHS = (
					"$(inherited)",
					"@executable_path/Frameworks",
					"@loader_path/Frameworks",
				);
				PRODUCT_BUNDLE_IDENTIFIER = KyleHultgren.CardGameUITests;
				PRODUCT_NAME = "$(TARGET_NAME)";
				SWIFT_VERSION = 5.0;
				TARGETED_DEVICE_FAMILY = "1,2";
				TEST_TARGET_NAME = CardGame;
			};
			name = Debug;
		};
		27CC3CCE28EF97D100C756D4 /* Release */ = {
			isa = XCBuildConfiguration;
			buildSettings = {
				ALWAYS_EMBED_SWIFT_STANDARD_LIBRARIES = YES;
				CODE_SIGN_STYLE = Automatic;
				DEVELOPMENT_TEAM = 377AC7N9GG;
				INFOPLIST_FILE = CardGameUITests/Info.plist;
				LD_RUNPATH_SEARCH_PATHS = (
					"$(inherited)",
					"@executable_path/Frameworks",
					"@loader_path/Frameworks",
				);
				PRODUCT_BUNDLE_IDENTIFIER = KyleHultgren.CardGameUITests;
				PRODUCT_NAME = "$(TARGET_NAME)";
				SWIFT_VERSION = 5.0;
				TARGETED_DEVICE_FAMILY = "1,2";
				TEST_TARGET_NAME = CardGame;
			};
			name = Release;
		};
/* End XCBuildConfiguration section */

/* Begin XCConfigurationList section */
		27CC3C9C28EF97CB00C756D4 /* Build configuration list for PBXProject "CardGame" */ = {
			isa = XCConfigurationList;
			buildConfigurations = (
				27CC3CC428EF97D100C756D4 /* Debug */,
				27CC3CC528EF97D100C756D4 /* Release */,
			);
			defaultConfigurationIsVisible = 0;
			defaultConfigurationName = Release;
		};
		27CC3CC628EF97D100C756D4 /* Build configuration list for PBXNativeTarget "CardGame" */ = {
			isa = XCConfigurationList;
			buildConfigurations = (
				27CC3CC728EF97D100C756D4 /* Debug */,
				27CC3CC828EF97D100C756D4 /* Release */,
			);
			defaultConfigurationIsVisible = 0;
			defaultConfigurationName = Release;
		};
		27CC3CC928EF97D100C756D4 /* Build configuration list for PBXNativeTarget "CardGameTests" */ = {
			isa = XCConfigurationList;
			buildConfigurations = (
				27CC3CCA28EF97D100C756D4 /* Debug */,
				27CC3CCB28EF97D100C756D4 /* Release */,
			);
			defaultConfigurationIsVisible = 0;
			defaultConfigurationName = Release;
		};
		27CC3CCC28EF97D100C756D4 /* Build configuration list for PBXNativeTarget "CardGameUITests" */ = {
			isa = XCConfigurationList;
			buildConfigurations = (
				27CC3CCD28EF97D100C756D4 /* Debug */,
				27CC3CCE28EF97D100C756D4 /* Release */,
			);
			defaultConfigurationIsVisible = 0;
			defaultConfigurationName = Release;
		};
/* End XCConfigurationList section */
	};
	rootObject = 27CC3C9928EF97CB00C756D4 /* Project object */;
}
